# THIS IS AN AUTOGENERATED FILE. DO NOT EDIT THIS FILE DIRECTLY.
# yarn lockfile v1


"@babel/runtime@^7.10.5":
  version "7.13.9"
  resolved "https://registry.yarnpkg.com/@babel/runtime/-/runtime-7.13.9.tgz#97dbe2116e2630c489f22e0656decd60aaa1fcee"
  integrity sha512-aY2kU+xgJ3dJ1eU6FMB9EH8dIe8dmusF1xEku52joLvw6eAFN0AI+WxCLDnpev2LEejWBAy2sBvBOBAjI3zmvA==
  dependencies:
    regenerator-runtime "^0.13.4"

"@types/josa@^3.0.2":
  version "3.0.2"
  resolved "https://registry.yarnpkg.com/@types/josa/-/josa-3.0.2.tgz#f3b37b0385f185a11b9b73114714c786c559926e"
  integrity sha512-9XoQiicbfAFlntz4h0R7B9aQOnNQU/svBrWMjuv2NTLZumah0s1rTBReLzM3Z1YmtzoVlbKP3QC2psXV31E/Sw==

"@types/lodash@^4.14.165":
  version "4.14.168"
  resolved "https://registry.yarnpkg.com/@types/lodash/-/lodash-4.14.168.tgz#fe24632e79b7ade3f132891afff86caa5e5ce008"
  integrity sha512-oVfRvqHV/V6D1yifJbVRU3TMp8OT6o6BG+U9MkwuJ3U8/CsDHvalRpsxBqivn71ztOFZBTfJMvETbqHiaNSj7Q==

"@types/yup@^0.29.11":
  version "0.29.11"
  resolved "https://registry.yarnpkg.com/@types/yup/-/yup-0.29.11.tgz#d654a112973f5e004bf8438122bd7e56a8e5cd7e"
  integrity sha512-9cwk3c87qQKZrT251EDoibiYRILjCmxBvvcb4meofCmx1vdnNcR9gyildy5vOHASpOKMsn42CugxUvcwK5eu1g==

jongseong@^0.4.2:
  version "0.4.2"
  resolved "https://registry.yarnpkg.com/jongseong/-/jongseong-0.4.2.tgz#5008c13332829257304c54641f550087d2f4caa9"
  integrity sha1-UAjBMzKCklcwTFRkH1UAh9L0yqk=

josa@^3.0.1:
  version "3.0.1"
  resolved "https://registry.yarnpkg.com/josa/-/josa-3.0.1.tgz#e1fa94fc7c78be1d81e965fec0ae43be0a1df352"
  integrity sha1-4fqU/Hx4vh2B6WX+wK5Dvgod81I=
  dependencies:
    jongseong "^0.4.2"

lodash-es@^4.17.15:
  version "4.17.21"
  resolved "https://registry.yarnpkg.com/lodash-es/-/lodash-es-4.17.21.tgz#43e626c46e6591b7750beb2b50117390c609e3ee"
  integrity sha512-mKnC+QJ9pWVzv+C4/U3rRsHapFfHvQFoFB92e52xeyGMcX6/OlIl78je1u8vePzYZSkkogMPJ2yjxxsb89cxyw==

lodash@^4.17.20:
  version "4.17.21"
  resolved "https://registry.yarnpkg.com/lodash/-/lodash-4.17.21.tgz#679591c564c3bffaae8454cf0b3df370c3d6911c"
  integrity sha512-v2kDEe57lecTulaDIuNTPy3Ry4gLGJ6Z1O3vE1krgXZNrsQ+LFTGHVxVjcXPs17LhbZVGedAJv8XZ1tvj5FvSg==

nanoclone@^0.2.1:
  version "0.2.1"
  resolved "https://registry.yarnpkg.com/nanoclone/-/nanoclone-0.2.1.tgz#dd4090f8f1a110d26bb32c49ed2f5b9235209ed4"
  integrity sha512-wynEP02LmIbLpcYw8uBKpcfF6dmg2vcpKqxeH5UcoKEYdExslsdUA4ugFauuaeYdTB76ez6gJW8XAZ6CgkXYxA==

property-expr@^2.0.4:
  version "2.0.4"
  resolved "https://registry.yarnpkg.com/property-expr/-/property-expr-2.0.4.tgz#37b925478e58965031bb612ec5b3260f8241e910"
  integrity sha512-sFPkHQjVKheDNnPvotjQmm3KD3uk1fWKUN7CrpdbwmUx3CrG3QiM8QpTSimvig5vTXmTvjz7+TDvXOI9+4rkcg==

regenerator-runtime@^0.13.4:
  version "0.13.7"
  resolved "https://registry.yarnpkg.com/regenerator-runtime/-/regenerator-runtime-0.13.7.tgz#cac2dacc8a1ea675feaabaeb8ae833898ae46f55"
  integrity sha512-a54FxoJDIr27pgf7IgeQGxmqUNYrcV338lf/6gH456HZ/PhX+5BcwHXG9ajESmwe6WRO0tAzRUrRmNONWgkrew==

toposort@^2.0.2:
  version "2.0.2"
  resolved "https://registry.yarnpkg.com/toposort/-/toposort-2.0.2.tgz#ae21768175d1559d48bef35420b2f4962f09c330"
  integrity sha1-riF2gXXRVZ1IvvNUILL0li8JwzA=

yarn@^1.22.10:
  version "1.22.10"
  resolved "https://registry.yarnpkg.com/yarn/-/yarn-1.22.10.tgz#c99daa06257c80f8fa2c3f1490724e394c26b18c"
  integrity sha512-IanQGI9RRPAN87VGTF7zs2uxkSyQSrSPsju0COgbsKQOOXr5LtcVPeyXWgwVa0ywG3d8dg6kSYKGBuYK021qeA==

yup@^0.32.9:
  version "0.32.9"
  resolved "https://registry.yarnpkg.com/yup/-/yup-0.32.9.tgz#9367bec6b1b0e39211ecbca598702e106019d872"
  integrity sha512-Ci1qN+i2H0XpY7syDQ0k5zKQ/DoxO0LzPg8PAR/X4Mpj6DqaeCoIYEEjDJwhArh3Fa7GWbQQVDZKeXYlSH4JMg==
  dependencies:
    "@babel/runtime" "^7.10.5"
    "@types/lodash" "^4.14.165"
    lodash "^4.17.20"
    lodash-es "^4.17.15"
    nanoclone "^0.2.1"
    property-expr "^2.0.4"
    toposort "^2.0.2"
